
Microsoft Visual Studio Solution File, Format Version 12.00
# Visual Studio Version 17
VisualStudioVersion = 17.14.36915.13
MinimumVisualStudioVersion = 10.0.40219.1
Project("{9A19103F-16F7-4668-BE54-9A1E7A4F7556}") = "HuongQueViet", "HuongQueViet.csproj", "{88D73012-2B9A-4BD3-8414-47DCEFA0B395}"
EndProject
Project("{FAE04EC0-301F-11D3-BF4B-00C04F79EFBC}") = "HuongQueViet.Tests", "..\HuongQueViet.Tests\HuongQueViet.Tests.csproj", "{1409165E-6042-4697-9BC4-D84DCA7AA105}"
EndProject
Global
	GlobalSection(SolutionConfigurationPlatforms) = preSolution
		Debug|Any CPU = Debug|Any CPU
		Release|Any CPU = Release|Any CPU
	EndGlobalSection
	GlobalSection(ProjectConfigurationPlatforms) = postSolution
		{88D73012-2B9A-4BD3-8414-47DCEFA0B395}.Debug|Any CPU.ActiveCfg = Debug|Any CPU
		{88D73012-2B9A-4BD3-8414-47DCEFA0B395}.Debug|Any CPU.Build.0 = Debug|Any CPU
		{88D73012-2B9A-4BD3-8414-47DCEFA0B395}.Release|Any CPU.ActiveCfg = Release|Any CPU
		{88D73012-2B9A-4BD3-8414-47DCEFA0B395}.Release|Any CPU.Build.0 = Release|Any CPU
		{1409165E-6042-4697-9BC4-D84DCA7AA105}.Debug|Any CPU.ActiveCfg = Debug|Any CPU
		{1409165E-6042-4697-9BC4-D84DCA7AA105}.Debug|Any CPU.Build.0 = Debug|Any CPU
		{1409165E-6042-4697-9BC4-D84DCA7AA105}.Release|Any CPU.ActiveCfg = Release|Any CPU
		{1409165E-6042-4697-9BC4-D84DCA7AA105}.Release|Any CPU.Build.0 = Release|Any CPU
	EndGlobalSection
	GlobalSection(SolutionProperties) = preSolution
		HideSolutionNode = FALSE
	EndGlobalSection
	GlobalSection(ExtensibilityGlobals) = postSolution
		SolutionGuid = {2B101121-1AB4-4FE1-A869-17E1C9206565}
	EndGlobalSection
EndGlobal
